
Microsoft Visual Studio Solution File, Format Version 12.00
# Visual Studio 2012
VisualStudioVersion = 12.0.30723.0
MinimumVisualStudioVersion = 10.0.40219.1
Project("{2150E333-8FDC-42A3-9474-1A3956D46DE8}") = "Solution Items", "Solution Items", "{A72150F6-1ED9-491A-B002-68F1E7A0871A}"
	ProjectSection(SolutionItems) = preProject
		GoogleMusic.sln.DotSettings = GoogleMusic.sln.DotSettings
		..\LICENSE = ..\LICENSE
		..\README.md = ..\README.md
		Settings.StyleCop = Settings.StyleCop
	EndProjectSection
EndProject
Project("{FAE04EC0-301F-11D3-BF4B-00C04F79EFBC}") = "GoogleMusic.Core", "GoogleMusic.Core\GoogleMusic.Core.csproj", "{5E3DD0FF-8829-433B-BD53-3CEBD7D0946A}"
EndProject
Project("{2150E333-8FDC-42A3-9474-1A3956D46DE8}") = "Mac", "Mac", "{0D4BDF18-F27A-44DB-828D-9C1EAA7BCFCD}"
EndProject
Project("{FAE04EC0-301F-11D3-BF4B-00C04F79EFBC}") = "GoogleMusic.Mac", "Mac\GoogleMusic.Mac\GoogleMusic.Mac.csproj", "{9A4D7B89-2255-4CEF-82A2-DF9389989302}"
EndProject
Global
	GlobalSection(SolutionConfigurationPlatforms) = preSolution
		Debug (ARM)|Any CPU = Debug (ARM)|Any CPU
		Debug (ARM)|ARM = Debug (ARM)|ARM
		Debug (ARM)|Mixed Platforms = Debug (ARM)|Mixed Platforms
		Debug (ARM)|Win32 = Debug (ARM)|Win32
		Debug (ARM)|x64 = Debug (ARM)|x64
		Debug (ARM)|x86 = Debug (ARM)|x86
		Debug (x86)|Any CPU = Debug (x86)|Any CPU
		Debug (x86)|ARM = Debug (x86)|ARM
		Debug (x86)|Mixed Platforms = Debug (x86)|Mixed Platforms
		Debug (x86)|Win32 = Debug (x86)|Win32
		Debug (x86)|x64 = Debug (x86)|x64
		Debug (x86)|x86 = Debug (x86)|x86
		Debug|Any CPU = Debug|Any CPU
		Debug|ARM = Debug|ARM
		Debug|Mixed Platforms = Debug|Mixed Platforms
		Debug|Win32 = Debug|Win32
		Debug|x64 = Debug|x64
		Debug|x86 = Debug|x86
		Release (x86)|Any CPU = Release (x86)|Any CPU
		Release (x86)|ARM = Release (x86)|ARM
		Release (x86)|Mixed Platforms = Release (x86)|Mixed Platforms
		Release (x86)|Win32 = Release (x86)|Win32
		Release (x86)|x64 = Release (x86)|x64
		Release (x86)|x86 = Release (x86)|x86
		Release|Any CPU = Release|Any CPU
		Release|ARM = Release|ARM
		Release|Mixed Platforms = Release|Mixed Platforms
		Release|Win32 = Release|Win32
		Release|x64 = Release|x64
		Release|x86 = Release|x86
		AppStore|Any CPU = AppStore|Any CPU
	EndGlobalSection
	GlobalSection(ProjectConfigurationPlatforms) = postSolution
		{5E3DD0FF-8829-433B-BD53-3CEBD7D0946A}.AppStore|Any CPU.ActiveCfg = Debug|Any CPU
		{5E3DD0FF-8829-433B-BD53-3CEBD7D0946A}.AppStore|Any CPU.Build.0 = Debug|Any CPU
		{5E3DD0FF-8829-433B-BD53-3CEBD7D0946A}.Debug (ARM)|Any CPU.ActiveCfg = Debug (ARM)|Any CPU
		{5E3DD0FF-8829-433B-BD53-3CEBD7D0946A}.Debug (ARM)|Any CPU.Build.0 = Debug (ARM)|Any CPU
		{5E3DD0FF-8829-433B-BD53-3CEBD7D0946A}.Debug (ARM)|ARM.ActiveCfg = Debug (ARM)|ARM
		{5E3DD0FF-8829-433B-BD53-3CEBD7D0946A}.Debug (ARM)|ARM.Build.0 = Debug (ARM)|ARM
		{5E3DD0FF-8829-433B-BD53-3CEBD7D0946A}.Debug (ARM)|Mixed Platforms.ActiveCfg = Debug (ARM)|x86
		{5E3DD0FF-8829-433B-BD53-3CEBD7D0946A}.Debug (ARM)|Mixed Platforms.Build.0 = Debug (ARM)|x86
		{5E3DD0FF-8829-433B-BD53-3CEBD7D0946A}.Debug (ARM)|Win32.ActiveCfg = Debug (ARM)|x86
		{5E3DD0FF-8829-433B-BD53-3CEBD7D0946A}.Debug (ARM)|Win32.Build.0 = Debug (ARM)|x86
		{5E3DD0FF-8829-433B-BD53-3CEBD7D0946A}.Debug (ARM)|x64.ActiveCfg = Debug (ARM)|x64
		{5E3DD0FF-8829-433B-BD53-3CEBD7D0946A}.Debug (ARM)|x64.Build.0 = Debug (ARM)|x64
		{5E3DD0FF-8829-433B-BD53-3CEBD7D0946A}.Debug (ARM)|x86.ActiveCfg = Debug (ARM)|x86
		{5E3DD0FF-8829-433B-BD53-3CEBD7D0946A}.Debug (ARM)|x86.Build.0 = Debug (ARM)|x86
		{5E3DD0FF-8829-433B-BD53-3CEBD7D0946A}.Debug (x86)|Any CPU.ActiveCfg = Debug (x86)|Any CPU
		{5E3DD0FF-8829-433B-BD53-3CEBD7D0946A}.Debug (x86)|Any CPU.Build.0 = Debug (x86)|Any CPU
		{5E3DD0FF-8829-433B-BD53-3CEBD7D0946A}.Debug (x86)|ARM.ActiveCfg = Debug (x86)|ARM
		{5E3DD0FF-8829-433B-BD53-3CEBD7D0946A}.Debug (x86)|ARM.Build.0 = Debug (x86)|ARM
		{5E3DD0FF-8829-433B-BD53-3CEBD7D0946A}.Debug (x86)|Mixed Platforms.ActiveCfg = Debug (x86)|x86
		{5E3DD0FF-8829-433B-BD53-3CEBD7D0946A}.Debug (x86)|Mixed Platforms.Build.0 = Debug (x86)|x86
		{5E3DD0FF-8829-433B-BD53-3CEBD7D0946A}.Debug (x86)|Win32.ActiveCfg = Debug (x86)|x86
		{5E3DD0FF-8829-433B-BD53-3CEBD7D0946A}.Debug (x86)|Win32.Build.0 = Debug (x86)|x86
		{5E3DD0FF-8829-433B-BD53-3CEBD7D0946A}.Debug (x86)|x64.ActiveCfg = Debug (x86)|x64
		{5E3DD0FF-8829-433B-BD53-3CEBD7D0946A}.Debug (x86)|x64.Build.0 = Debug (x86)|x64
		{5E3DD0FF-8829-433B-BD53-3CEBD7D0946A}.Debug (x86)|x86.ActiveCfg = Debug (x86)|x86
		{5E3DD0FF-8829-433B-BD53-3CEBD7D0946A}.Debug (x86)|x86.Build.0 = Debug (x86)|x86
		{5E3DD0FF-8829-433B-BD53-3CEBD7D0946A}.Debug|Any CPU.ActiveCfg = Debug|Any CPU
		{5E3DD0FF-8829-433B-BD53-3CEBD7D0946A}.Debug|Any CPU.Build.0 = Debug|Any CPU
		{5E3DD0FF-8829-433B-BD53-3CEBD7D0946A}.Debug|ARM.ActiveCfg = Debug|ARM
		{5E3DD0FF-8829-433B-BD53-3CEBD7D0946A}.Debug|ARM.Build.0 = Debug|ARM
		{5E3DD0FF-8829-433B-BD53-3CEBD7D0946A}.Debug|Mixed Platforms.ActiveCfg = Debug|x64
		{5E3DD0FF-8829-433B-BD53-3CEBD7D0946A}.Debug|Mixed Platforms.Build.0 = Debug|x64
		{5E3DD0FF-8829-433B-BD53-3CEBD7D0946A}.Debug|Win32.ActiveCfg = Debug|x86
		{5E3DD0FF-8829-433B-BD53-3CEBD7D0946A}.Debug|Win32.Build.0 = Debug|x86
		{5E3DD0FF-8829-433B-BD53-3CEBD7D0946A}.Debug|x64.ActiveCfg = Debug|x64
		{5E3DD0FF-8829-433B-BD53-3CEBD7D0946A}.Debug|x64.Build.0 = Debug|x64
		{5E3DD0FF-8829-433B-BD53-3CEBD7D0946A}.Debug|x86.ActiveCfg = Debug|x86
		{5E3DD0FF-8829-433B-BD53-3CEBD7D0946A}.Debug|x86.Build.0 = Debug|x86
		{5E3DD0FF-8829-433B-BD53-3CEBD7D0946A}.Release (x86)|Any CPU.ActiveCfg = Release (x86)|Any CPU
		{5E3DD0FF-8829-433B-BD53-3CEBD7D0946A}.Release (x86)|Any CPU.Build.0 = Release (x86)|Any CPU
		{5E3DD0FF-8829-433B-BD53-3CEBD7D0946A}.Release (x86)|ARM.ActiveCfg = Release (x86)|ARM
		{5E3DD0FF-8829-433B-BD53-3CEBD7D0946A}.Release (x86)|ARM.Build.0 = Release (x86)|ARM
		{5E3DD0FF-8829-433B-BD53-3CEBD7D0946A}.Release (x86)|Mixed Platforms.ActiveCfg = Release (x86)|x86
		{5E3DD0FF-8829-433B-BD53-3CEBD7D0946A}.Release (x86)|Mixed Platforms.Build.0 = Release (x86)|x86
		{5E3DD0FF-8829-433B-BD53-3CEBD7D0946A}.Release (x86)|Win32.ActiveCfg = Release (x86)|x86
		{5E3DD0FF-8829-433B-BD53-3CEBD7D0946A}.Release (x86)|Win32.Build.0 = Release (x86)|x86
		{5E3DD0FF-8829-433B-BD53-3CEBD7D0946A}.Release (x86)|x64.ActiveCfg = Release (x86)|x64
		{5E3DD0FF-8829-433B-BD53-3CEBD7D0946A}.Release (x86)|x64.Build.0 = Release (x86)|x64
		{5E3DD0FF-8829-433B-BD53-3CEBD7D0946A}.Release (x86)|x86.ActiveCfg = Release (x86)|x86
		{5E3DD0FF-8829-433B-BD53-3CEBD7D0946A}.Release (x86)|x86.Build.0 = Release (x86)|x86
		{5E3DD0FF-8829-433B-BD53-3CEBD7D0946A}.Release|Any CPU.ActiveCfg = Release|Any CPU
		{5E3DD0FF-8829-433B-BD53-3CEBD7D0946A}.Release|Any CPU.Build.0 = Release|Any CPU
		{5E3DD0FF-8829-433B-BD53-3CEBD7D0946A}.Release|ARM.ActiveCfg = Release|ARM
		{5E3DD0FF-8829-433B-BD53-3CEBD7D0946A}.Release|ARM.Build.0 = Release|ARM
		{5E3DD0FF-8829-433B-BD53-3CEBD7D0946A}.Release|Mixed Platforms.ActiveCfg = Release|x64
		{5E3DD0FF-8829-433B-BD53-3CEBD7D0946A}.Release|Mixed Platforms.Build.0 = Release|x64
		{5E3DD0FF-8829-433B-BD53-3CEBD7D0946A}.Release|Win32.ActiveCfg = Release|x86
		{5E3DD0FF-8829-433B-BD53-3CEBD7D0946A}.Release|Win32.Build.0 = Release|x86
		{5E3DD0FF-8829-433B-BD53-3CEBD7D0946A}.Release|x64.ActiveCfg = Release|x64
		{5E3DD0FF-8829-433B-BD53-3CEBD7D0946A}.Release|x64.Build.0 = Release|x64
		{5E3DD0FF-8829-433B-BD53-3CEBD7D0946A}.Release|x86.ActiveCfg = Release|x86
		{5E3DD0FF-8829-433B-BD53-3CEBD7D0946A}.Release|x86.Build.0 = Release|x86
		{9A4D7B89-2255-4CEF-82A2-DF9389989302}.AppStore|Any CPU.ActiveCfg = AppStore|Any CPU
		{9A4D7B89-2255-4CEF-82A2-DF9389989302}.AppStore|Any CPU.Build.0 = AppStore|Any CPU
		{9A4D7B89-2255-4CEF-82A2-DF9389989302}.Debug (ARM)|Any CPU.ActiveCfg = Debug|Any CPU
		{9A4D7B89-2255-4CEF-82A2-DF9389989302}.Debug (ARM)|Any CPU.Build.0 = Debug|Any CPU
		{9A4D7B89-2255-4CEF-82A2-DF9389989302}.Debug (ARM)|ARM.ActiveCfg = Debug|Any CPU
		{9A4D7B89-2255-4CEF-82A2-DF9389989302}.Debug (ARM)|ARM.Build.0 = Debug|Any CPU
		{9A4D7B89-2255-4CEF-82A2-DF9389989302}.Debug (ARM)|Mixed Platforms.ActiveCfg = Debug|Any CPU
		{9A4D7B89-2255-4CEF-82A2-DF9389989302}.Debug (ARM)|Mixed Platforms.Build.0 = Debug|Any CPU
		{9A4D7B89-2255-4CEF-82A2-DF9389989302}.Debug (ARM)|Win32.ActiveCfg = Debug|Any CPU
		{9A4D7B89-2255-4CEF-82A2-DF9389989302}.Debug (ARM)|Win32.Build.0 = Debug|Any CPU
		{9A4D7B89-2255-4CEF-82A2-DF9389989302}.Debug (ARM)|x64.ActiveCfg = Debug|Any CPU
		{9A4D7B89-2255-4CEF-82A2-DF9389989302}.Debug (ARM)|x64.Build.0 = Debug|Any CPU
		{9A4D7B89-2255-4CEF-82A2-DF9389989302}.Debug (ARM)|x86.ActiveCfg = Debug|Any CPU
		{9A4D7B89-2255-4CEF-82A2-DF9389989302}.Debug (ARM)|x86.Build.0 = Debug|Any CPU
		{9A4D7B89-2255-4CEF-82A2-DF9389989302}.Debug (x86)|Any CPU.ActiveCfg = Debug|Any CPU
		{9A4D7B89-2255-4CEF-82A2-DF9389989302}.Debug (x86)|Any CPU.Build.0 = Debug|Any CPU
		{9A4D7B89-2255-4CEF-82A2-DF9389989302}.Debug (x86)|ARM.ActiveCfg = Debug|Any CPU
		{9A4D7B89-2255-4CEF-82A2-DF9389989302}.Debug (x86)|ARM.Build.0 = Debug|Any CPU
		{9A4D7B89-2255-4CEF-82A2-DF9389989302}.Debug (x86)|Mixed Platforms.ActiveCfg = Debug|Any CPU
		{9A4D7B89-2255-4CEF-82A2-DF9389989302}.Debug (x86)|Mixed Platforms.Build.0 = Debug|Any CPU
		{9A4D7B89-2255-4CEF-82A2-DF9389989302}.Debug (x86)|Win32.ActiveCfg = Debug|Any CPU
		{9A4D7B89-2255-4CEF-82A2-DF9389989302}.Debug (x86)|Win32.Build.0 = Debug|Any CPU
		{9A4D7B89-2255-4CEF-82A2-DF9389989302}.Debug (x86)|x64.ActiveCfg = Debug|Any CPU
		{9A4D7B89-2255-4CEF-82A2-DF9389989302}.Debug (x86)|x64.Build.0 = Debug|Any CPU
		{9A4D7B89-2255-4CEF-82A2-DF9389989302}.Debug (x86)|x86.ActiveCfg = Debug|Any CPU
		{9A4D7B89-2255-4CEF-82A2-DF9389989302}.Debug (x86)|x86.Build.0 = Debug|Any CPU
		{9A4D7B89-2255-4CEF-82A2-DF9389989302}.Debug|Any CPU.ActiveCfg = Debug|Any CPU
		{9A4D7B89-2255-4CEF-82A2-DF9389989302}.Debug|Any CPU.Build.0 = Debug|Any CPU
		{9A4D7B89-2255-4CEF-82A2-DF9389989302}.Debug|ARM.ActiveCfg = Debug|Any CPU
		{9A4D7B89-2255-4CEF-82A2-DF9389989302}.Debug|ARM.Build.0 = Debug|Any CPU
		{9A4D7B89-2255-4CEF-82A2-DF9389989302}.Debug|Mixed Platforms.ActiveCfg = Debug|Any CPU
		{9A4D7B89-2255-4CEF-82A2-DF9389989302}.Debug|Mixed Platforms.Build.0 = Debug|Any CPU
		{9A4D7B89-2255-4CEF-82A2-DF9389989302}.Debug|Win32.ActiveCfg = Debug|Any CPU
		{9A4D7B89-2255-4CEF-82A2-DF9389989302}.Debug|Win32.Build.0 = Debug|Any CPU
		{9A4D7B89-2255-4CEF-82A2-DF9389989302}.Debug|x64.ActiveCfg = Debug|Any CPU
		{9A4D7B89-2255-4CEF-82A2-DF9389989302}.Debug|x64.Build.0 = Debug|Any CPU
		{9A4D7B89-2255-4CEF-82A2-DF9389989302}.Debug|x86.ActiveCfg = Debug|Any CPU
		{9A4D7B89-2255-4CEF-82A2-DF9389989302}.Debug|x86.Build.0 = Debug|Any CPU
		{9A4D7B89-2255-4CEF-82A2-DF9389989302}.Release (x86)|Any CPU.ActiveCfg = Debug|Any CPU
		{9A4D7B89-2255-4CEF-82A2-DF9389989302}.Release (x86)|Any CPU.Build.0 = Debug|Any CPU
		{9A4D7B89-2255-4CEF-82A2-DF9389989302}.Release (x86)|ARM.ActiveCfg = Debug|Any CPU
		{9A4D7B89-2255-4CEF-82A2-DF9389989302}.Release (x86)|ARM.Build.0 = Debug|Any CPU
		{9A4D7B89-2255-4CEF-82A2-DF9389989302}.Release (x86)|Mixed Platforms.ActiveCfg = Debug|Any CPU
		{9A4D7B89-2255-4CEF-82A2-DF9389989302}.Release (x86)|Mixed Platforms.Build.0 = Debug|Any CPU
		{9A4D7B89-2255-4CEF-82A2-DF9389989302}.Release (x86)|Win32.ActiveCfg = Debug|Any CPU
		{9A4D7B89-2255-4CEF-82A2-DF9389989302}.Release (x86)|Win32.Build.0 = Debug|Any CPU
		{9A4D7B89-2255-4CEF-82A2-DF9389989302}.Release (x86)|x64.ActiveCfg = Debug|Any CPU
		{9A4D7B89-2255-4CEF-82A2-DF9389989302}.Release (x86)|x64.Build.0 = Debug|Any CPU
		{9A4D7B89-2255-4CEF-82A2-DF9389989302}.Release (x86)|x86.ActiveCfg = Debug|Any CPU
		{9A4D7B89-2255-4CEF-82A2-DF9389989302}.Release (x86)|x86.Build.0 = Debug|Any CPU
		{9A4D7B89-2255-4CEF-82A2-DF9389989302}.Release|Any CPU.ActiveCfg = Release|Any CPU
		{9A4D7B89-2255-4CEF-82A2-DF9389989302}.Release|Any CPU.Build.0 = Release|Any CPU
		{9A4D7B89-2255-4CEF-82A2-DF9389989302}.Release|ARM.ActiveCfg = Release|Any CPU
		{9A4D7B89-2255-4CEF-82A2-DF9389989302}.Release|ARM.Build.0 = Release|Any CPU
		{9A4D7B89-2255-4CEF-82A2-DF9389989302}.Release|Mixed Platforms.ActiveCfg = Release|Any CPU
		{9A4D7B89-2255-4CEF-82A2-DF9389989302}.Release|Mixed Platforms.Build.0 = Release|Any CPU
		{9A4D7B89-2255-4CEF-82A2-DF9389989302}.Release|Win32.ActiveCfg = Release|Any CPU
		{9A4D7B89-2255-4CEF-82A2-DF9389989302}.Release|Win32.Build.0 = Release|Any CPU
		{9A4D7B89-2255-4CEF-82A2-DF9389989302}.Release|x64.ActiveCfg = Release|Any CPU
		{9A4D7B89-2255-4CEF-82A2-DF9389989302}.Release|x64.Build.0 = Release|Any CPU
		{9A4D7B89-2255-4CEF-82A2-DF9389989302}.Release|x86.ActiveCfg = Release|Any CPU
		{9A4D7B89-2255-4CEF-82A2-DF9389989302}.Release|x86.Build.0 = Release|Any CPU
	EndGlobalSection
	GlobalSection(NestedProjects) = preSolution
		{9A4D7B89-2255-4CEF-82A2-DF9389989302} = {0D4BDF18-F27A-44DB-828D-9C1EAA7BCFCD}
	EndGlobalSection
	GlobalSection(MonoDevelopProperties) = preSolution
		StartupItem = GoogleMusic.Core\GoogleMusic.Core.csproj
	EndGlobalSection
	GlobalSection(SolutionProperties) = preSolution
		HideSolutionNode = FALSE
	EndGlobalSection
EndGlobal
